// !$*UTF8*$!
{
	archiveVersion = 1;
	classes = {
	};
	objectVersion = 50;
	objects = {

/* Begin PBXBuildFile section */
		1811968120C18FEC00CB02C4 /* README.md in Resources */ = {isa = PBXBuildFile; fileRef = 1811967F20C18FEC00CB02C4 /* README.md */; };
		1811968220C18FEC00CB02C4 /* LICENSE in Resources */ = {isa = PBXBuildFile; fileRef = 1811968020C18FEC00CB02C4 /* LICENSE */; };
		189C35F620C18DDB00F15E57 /* AppDelegate.m in Sources */ = {isa = PBXBuildFile; fileRef = 189C35F520C18DDB00F15E57 /* AppDelegate.m */; };
		189C35F920C18DDB00F15E57 /* ViewController.m in Sources */ = {isa = PBXBuildFile; fileRef = 189C35F820C18DDB00F15E57 /* ViewController.m */; };
		189C35FB20C18DDC00F15E57 /* Assets.xcassets in Resources */ = {isa = PBXBuildFile; fileRef = 189C35FA20C18DDC00F15E57 /* Assets.xcassets */; };
		189C35FE20C18DDC00F15E57 /* Main.storyboard in Resources */ = {isa = PBXBuildFile; fileRef = 189C35FC20C18DDC00F15E57 /* Main.storyboard */; };
		189C360120C18DDC00F15E57 /* main.m in Sources */ = {isa = PBXBuildFile; fileRef = 189C360020C18DDC00F15E57 /* main.m */; };
/* End PBXBuildFile section */

/* Begin PBXFileReference section */
		1811967F20C18FEC00CB02C4 /* README.md */ = {isa = PBXFileReference; fileEncoding = 4; lastKnownFileType = net.daringfireball.markdown; path = README.md; sourceTree = "<group>"; };
		1811968020C18FEC00CB02C4 /* LICENSE */ = {isa = PBXFileReference; fileEncoding = 4; lastKnownFileType = text; path = LICENSE; sourceTree = "<group>"; };
		189C35F120C18DDB00F15E57 /* KaiMac.app */ = {isa = PBXFileReference; explicitFileType = wrapper.application; includeInIndex = 0; path = KaiMac.app; sourceTree = BUILT_PRODUCTS_DIR; };
		189C35F420C18DDB00F15E57 /* AppDelegate.h */ = {isa = PBXFileReference; lastKnownFileType = sourcecode.c.h; path = AppDelegate.h; sourceTree = "<group>"; };
		189C35F520C18DDB00F15E57 /* AppDelegate.m */ = {isa = PBXFileReference; lastKnownFileType = sourcecode.c.objc; path = AppDelegate.m; sourceTree = "<group>"; };
		189C35F720C18DDB00F15E57 /* ViewController.h */ = {isa = PBXFileReference; lastKnownFileType = sourcecode.c.h; path = ViewController.h; sourceTree = "<group>"; };
		189C35F820C18DDB00F15E57 /* ViewController.m */ = {isa = PBXFileReference; lastKnownFileType = sourcecode.c.objc; path = ViewController.m; sourceTree = "<group>"; };
		189C35FA20C18DDC00F15E57 /* Assets.xcassets */ = {isa = PBXFileReference; lastKnownFileType = folder.assetcatalog; path = Assets.xcassets; sourceTree = "<group>"; };
		189C35FD20C18DDC00F15E57 /* Base */ = {isa = PBXFileReference; lastKnownFileType = file.storyboard; name = Base; path = Base.lproj/Main.storyboard; sourceTree = "<group>"; };
		189C35FF20C18DDC00F15E57 /* Info.plist */ = {isa = PBXFileReference; lastKnownFileType = text.plist.xml; path = Info.plist; sourceTree = "<group>"; };
		189C360020C18DDC00F15E57 /* main.m */ = {isa = PBXFileReference; lastKnownFileType = sourcecode.c.objc; path = main.m; sourceTree = "<group>"; };
		189C360220C18DDC00F15E57 /* KaiMac.entitlements */ = {isa = PBXFileReference; lastKnownFileType = text.plist.entitlements; path = KaiMac.entitlements; sourceTree = "<group>"; };
/* End PBXFileReference section */

/* Begin PBXFrameworksBuildPhase section */
		189C35EE20C18DDB00F15E57 /* Frameworks */ = {
			isa = PBXFrameworksBuildPhase;
			buildActionMask = 2147483647;
			files = (
			);
			runOnlyForDeploymentPostprocessing = 0;
		};
/* End PBXFrameworksBuildPhase section */

/* Begin PBXGroup section */
		189C35E820C18DDB00F15E57 = {
			isa = PBXGroup;
			children = (
				189C35F320C18DDB00F15E57 /* KaiMac */,
				1811968020C18FEC00CB02C4 /* LICENSE */,
				189C35F220C18DDB00F15E57 /* Products */,
				1811967F20C18FEC00CB02C4 /* README.md */,
			);
			sourceTree = "<group>";
		};
		189C35F220C18DDB00F15E57 /* Products */ = {
			isa = PBXGroup;
			children = (
				189C35F120C18DDB00F15E57 /* KaiMac.app */,
			);
			name = Products;
			sourceTree = "<group>";
		};
		189C35F320C18DDB00F15E57 /* KaiMac */ = {
			isa = PBXGroup;
			children = (
				189C35F420C18DDB00F15E57 /* AppDelegate.h */,
				189C35F520C18DDB00F15E57 /* AppDelegate.m */,
				189C35FA20C18DDC00F15E57 /* Assets.xcassets */,
				189C35FF20C18DDC00F15E57 /* Info.plist */,
				189C360220C18DDC00F15E57 /* KaiMac.entitlements */,
				189C360020C18DDC00F15E57 /* main.m */,
				189C35FC20C18DDC00F15E57 /* Main.storyboard */,
				189C35F720C18DDB00F15E57 /* ViewController.h */,
				189C35F820C18DDB00F15E57 /* ViewController.m */,
			);
			path = KaiMac;
			sourceTree = "<group>";
		};
/* End PBXGroup section */

/* Begin PBXNativeTarget section */
		189C35F020C18DDB00F15E57 /* KaiMac */ = {
			isa = PBXNativeTarget;
			buildConfigurationList = 189C360520C18DDC00F15E57 /* Build configuration list for PBXNativeTarget "KaiMac" */;
			buildPhases = (
				189C35ED20C18DDB00F15E57 /* Sources */,
				189C35EE20C18DDB00F15E57 /* Frameworks */,
				189C35EF20C18DDB00F15E57 /* Resources */,
			);
			buildRules = (
			);
			dependencies = (
			);
			name = KaiMac;
			productName = KaiMac;
			productReference = 189C35F120C18DDB00F15E57 /* KaiMac.app */;
			productType = "com.apple.product-type.application";
		};
/* End PBXNativeTarget section */

/* Begin PBXProject section */
		189C35E920C18DDB00F15E57 /* Project object */ = {
			isa = PBXProject;
			attributes = {
				LastUpgradeCheck = 0940;
				ORGANIZATIONNAME = KidKai;
				TargetAttributes = {
					189C35F020C18DDB00F15E57 = {
						CreatedOnToolsVersion = 9.4;
					};
				};
			};
			buildConfigurationList = 189C35EC20C18DDB00F15E57 /* Build configuration list for PBXProject "KaiMac" */;
			compatibilityVersion = "Xcode 9.3";
			developmentRegion = en;
			hasScannedForEncodings = 0;
			knownRegions = (
				en,
				Base,
			);
			mainGroup = 189C35E820C18DDB00F15E57;
			productRefGroup = 189C35F220C18DDB00F15E57 /* Products */;
			projectDirPath = "";
			projectRoot = "";
			targets = (
				189C35F020C18DDB00F15E57 /* KaiMac */,
			);
		};
/* End PBXProject section */

/* Begin PBXResourcesBuildPhase section */
		189C35EF20C18DDB00F15E57 /* Resources */ = {
			isa = PBXResourcesBuildPhase;
			buildActionMask = 2147483647;
			files = (
				1811968120C18FEC00CB02C4 /* README.md in Resources */,
				189C35FB20C18DDC00F15E57 /* Assets.xcassets in Resources */,
				1811968220C18FEC00CB02C4 /* LICENSE in Resources */,
				189C35FE20C18DDC00F15E57 /* Main.storyboard in Resources */,
			);
			runOnlyForDeploymentPostprocessing = 0;
		};
/* End PBXResourcesBuildPhase section */

/* Begin PBXSourcesBuildPhase section */
		189C35ED20C18DDB00F15E57 /* Sources */ = {
			isa = PBXSourcesBuildPhase;
			buildActionMask = 2147483647;
			files = (
				189C35F920C18DDB00F15E57 /* ViewController.m in Sources */,
				189C360120C18DDC00F15E57 /* main.m in Sources */,
				189C35F620C18DDB00F15E57 /* AppDelegate.m in Sources */,
			);
			runOnlyForDeploymentPostprocessing = 0;
		};
/* End PBXSourcesBuildPhase section */

/* Begin PBXVariantGroup section */
		189C35FC20C18DDC00F15E57 /* Main.storyboard */ = {
			isa = PBXVariantGroup;
			children = (
				189C35FD20C18DDC00F15E57 /* Base */,
			);
			name = Main.storyboard;
			sourceTree = "<group>";
		};
/* End PBXVariantGroup section */

/* Begin XCBuildConfiguration section */
		189C360320C18DDC00F15E57 /* Debug */ = {
			isa = XCBuildConfiguration;
			buildSettings = {
				ALWAYS_SEARCH_USER_PATHS = NO;
				CLANG_ANALYZER_NONNULL = YES;
				CLANG_ANALYZER_NUMBER_OBJECT_CONVERSION = YES_AGGRESSIVE;
				CLANG_CXX_LANGUAGE_STANDARD = "gnu++14";
				CLANG_CXX_LIBRARY = "libc++";
				CLANG_ENABLE_MODULES = YES;
				CLANG_ENABLE_OBJC_ARC = YES;
				CLANG_ENABLE_OBJC_WEAK = YES;
				CLANG_WARN_BLOCK_CAPTURE_AUTORELEASING = YES;
				CLANG_WARN_BOOL_CONVERSION = YES;
				CLANG_WARN_COMMA = YES;
				CLANG_WARN_CONSTANT_CONVERSION = YES;
				CLANG_WARN_DEPRECATED_OBJC_IMPLEMENTATIONS = YES;
				CLANG_WARN_DIRECT_OBJC_ISA_USAGE = YES_ERROR;
				CLANG_WARN_DOCUMENTATION_COMMENTS = YES;
				CLANG_WARN_EMPTY_BODY = YES;
				CLANG_WARN_ENUM_CONVERSION = YES;
				CLANG_WARN_INFINITE_RECURSION = YES;
				CLANG_WARN_INT_CONVERSION = YES;
				CLANG_WARN_NON_LITERAL_NULL_CONVERSION = YES;
				CLANG_WARN_OBJC_IMPLICIT_RETAIN_SELF = YES;
				CLANG_WARN_OBJC_LITERAL_CONVERSION = YES;
				CLANG_WARN_OBJC_ROOT_CLASS = YES_ERROR;
				CLANG_WARN_RANGE_LOOP_ANALYSIS = YES;
				CLANG_WARN_STRICT_PROTOTYPES = YES;
				CLANG_WARN_SUSPICIOUS_MOVE = YES;
				CLANG_WARN_UNGUARDED_AVAILABILITY = YES_AGGRESSIVE;
				CLANG_WARN_UNREACHABLE_CODE = YES;
				CLANG_WARN__DUPLICATE_METHOD_MATCH = YES;
				CODE_SIGN_IDENTITY = "Mac Developer";
				COPY_PHASE_STRIP = NO;
				DEBUG_INFORMATION_FORMAT = dwarf;
				ENABLE_STRICT_OBJC_MSGSEND = YES;
				ENABLE_TESTABILITY = YES;
				GCC_C_LANGUAGE_STANDARD = gnu11;
				GCC_DYNAMIC_NO_PIC = NO;
				GCC_NO_COMMON_BLOCKS = YES;
				GCC_OPTIMIZATION_LEVEL = 0;
				GCC_PREPROCESSOR_DEFINITIONS = (
					"DEBUG=1",
					"$(inherited)",
				);
				GCC_WARN_64_TO_32_BIT_CONVERSION = YES;
				GCC_WARN_ABOUT_RETURN_TYPE = YES_ERROR;
				GCC_WARN_UNDECLARED_SELECTOR = YES;
				GCC_WARN_UNINITIALIZED_AUTOS = YES_AGGRESSIVE;
				GCC_WARN_UNUSED_FUNCTION = YES;
				GCC_WARN_UNUSED_VARIABLE = YES;
				MACOSX_DEPLOYMENT_TARGET = 10.13;
				MTL_ENABLE_DEBUG_INFO = YES;
				ONLY_ACTIVE_ARCH = YES;
				SDKROOT = macosx;
			};
			name = Debug;
		};
		189C360420C18DDC00F15E57 /* Release */ = {
			isa = XCBuildConfiguration;
			buildSettings = {
				ALWAYS_SEARCH_USER_PATHS = NO;
				CLANG_ANALYZER_NONNULL = YES;
				CLANG_ANALYZER_NUMBER_OBJECT_CONVERSION = YES_AGGRESSIVE;
				CLANG_CXX_LANGUAGE_STANDARD = "gnu++14";
				CLANG_CXX_LIBRARY = "libc++";
				CLANG_ENABLE_MODULES = YES;
				CLANG_ENABLE_OBJC_ARC = YES;
				CLANG_ENABLE_OBJC_WEAK = YES;
				CLANG_WARN_BLOCK_CAPTURE_AUTORELEASING = YES;
				CLANG_WARN_BOOL_CONVERSION = YES;
				CLANG_WARN_COMMA = YES;
				CLANG_WARN_CONSTANT_CONVERSION = YES;
				CLANG_WARN_DEPRECATED_OBJC_IMPLEMENTATIONS = YES;
				CLANG_WARN_DIRECT_OBJC_ISA_USAGE = YES_ERROR;
				CLANG_WARN_DOCUMENTATION_COMMENTS = YES;
				CLANG_WARN_EMPTY_BODY = YES;
				CLANG_WARN_ENUM_CONVERSION = YES;
				CLANG_WARN_INFINITE_RECURSION = YES;
				CLANG_WARN_INT_CONVERSION = YES;
				CLANG_WARN_NON_LITERAL_NULL_CONVERSION = YES;
				CLANG_WARN_OBJC_IMPLICIT_RETAIN_SELF = YES;
				CLANG_WARN_OBJC_LITERAL_CONVERSION = YES;
				CLANG_WARN_OBJC_ROOT_CLASS = YES_ERROR;
				CLANG_WARN_RANGE_LOOP_ANALYSIS = YES;
				CLANG_WARN_STRICT_PROTOTYPES = YES;
				CLANG_WARN_SUSPICIOUS_MOVE = YES;
				CLANG_WARN_UNGUARDED_AVAILABILITY = YES_AGGRESSIVE;
				CLANG_WARN_UNREACHABLE_CODE = YES;
				CLANG_WARN__DUPLICATE_METHOD_MATCH = YES;
				CODE_SIGN_IDENTITY = "Mac Developer";
				COPY_PHASE_STRIP = NO;
				DEBUG_INFORMATION_FORMAT = "dwarf-with-dsym";
				ENABLE_NS_ASSERTIONS = NO;
				ENABLE_STRICT_OBJC_MSGSEND = YES;
				GCC_C_LANGUAGE_STANDARD = gnu11;
				GCC_NO_COMMON_BLOCKS = YES;
				GCC_WARN_64_TO_32_BIT_CONVERSION = YES;
				GCC_WARN_ABOUT_RETURN_TYPE = YES_ERROR;
				GCC_WARN_UNDECLARED_SELECTOR = YES;
				GCC_WARN_UNINITIALIZED_AUTOS = YES_AGGRESSIVE;
				GCC_WARN_UNUSED_FUNCTION = YES;
				GCC_WARN_UNUSED_VARIABLE = YES;
				MACOSX_DEPLOYMENT_TARGET = 10.13;
				MTL_ENABLE_DEBUG_INFO = NO;
				SDKROOT = macosx;
			};
			name = Release;
		};
		189C360620C18DDC00F15E57 /* Debug */ = {
			isa = XCBuildConfiguration;
			buildSettings = {
				ASSETCATALOG_COMPILER_APPICON_NAME = AppIcon;
				CODE_SIGN_ENTITLEMENTS = KaiMac/KaiMac.entitlements;
				CODE_SIGN_STYLE = Automatic;
				COMBINE_HIDPI_IMAGES = YES;
				DEVELOPMENT_TEAM = G6W3L5Q7N7;
				INFOPLIST_FILE = KaiMac/Info.plist;
				LD_RUNPATH_SEARCH_PATHS = (
					"$(inherited)",
					"@executable_path/../Frameworks",
				);
				PRODUCT_BUNDLE_IDENTIFIER = com.wadekai.kaimac;
				PRODUCT_NAME = "$(TARGET_NAME)";
			};
			name = Debug;
		};
		189C360720C18DDC00F15E57 /* Release */ = {
			isa = XCBuildConfiguration;
			buildSettings = {
				ASSETCATALOG_COMPILER_APPICON_NAME = AppIcon;
				CODE_SIGN_ENTITLEMENTS = KaiMac/KaiMac.entitlements;
				CODE_SIGN_STYLE = Automatic;
				COMBINE_HIDPI_IMAGES = YES;
				DEVELOPMENT_TEAM = G6W3L5Q7N7;
				INFOPLIST_FILE = KaiMac/Info.plist;
				LD_RUNPATH_SEARCH_PATHS = (
					"$(inherited)",
					"@executable_path/../Frameworks",
				);
				PRODUCT_BUNDLE_IDENTIFIER = com.wadekai.kaimac;
				PRODUCT_NAME = "$(TARGET_NAME)";
			};
			name = Release;
		};
/* End XCBuildConfiguration section */

/* Begin XCConfigurationList section */
		189C35EC20C18DDB00F15E57 /* Build configuration list for PBXProject "KaiMac" */ = {
			isa = XCConfigurationList;
			buildConfigurations = (
				189C360320C18DDC00F15E57 /* Debug */,
				189C360420C18DDC00F15E57 /* Release */,
			);
			defaultConfigurationIsVisible = 0;
			defaultConfigurationName = Release;
		};
		189C360520C18DDC00F15E57 /* Build configuration list for PBXNativeTarget "KaiMac" */ = {
			isa = XCConfigurationList;
			buildConfigurations = (
				189C360620C18DDC00F15E57 /* Debug */,
				189C360720C18DDC00F15E57 /* Release */,
			);
			defaultConfigurationIsVisible = 0;
			defaultConfigurationName = Release;
		};
/* End XCConfigurationList section */
	};
	rootObject = 189C35E920C18DDB00F15E57 /* Project object */;
}
